Microsoft Visual Studio Solution File, Format Version 12.00
# Visual Studio Version 17
VisualStudioVersion = 17.5.2.0
MinimumVisualStudioVersion = 10.0.40219.1
Project("{FAE04EC0-301F-11D3-BF4B-00C04F79EFBC}") = "Projeto-Web-LHPets", "Projeto-Web-LHPets.csproj", "{CD787410-A7BD-3546-F2B3-45D8648EA93F}"
EndProject
Global
	GlobalSection(SolutionConfigurationPlatforms) = preSolution
		Debug|Any CPU = Debug|Any CPU
		Release|Any CPU = Release|Any CPU
	EndGlobalSection
	GlobalSection(ProjectConfigurationPlatforms) = postSolution
		{CD787410-A7BD-3546-F2B3-45D8648EA93F}.Debug|Any CPU.ActiveCfg = Debug|Any CPU
		{CD787410-A7BD-3546-F2B3-45D8648EA93F}.Debug|Any CPU.Build.0 = Debug|Any CPU
		{CD787410-A7BD-3546-F2B3-45D8648EA93F}.Release|Any CPU.ActiveCfg = Release|Any CPU
		{CD787410-A7BD-3546-F2B3-45D8648EA93F}.Release|Any CPU.Build.0 = Release|Any CPU
	EndGlobalSection
	GlobalSection(SolutionProperties) = preSolution
		HideSolutionNode = FALSE
	EndGlobalSection
	GlobalSection(ExtensibilityGlobals) = postSolution
		SolutionGuid = {F750113C-5B99-4FA0-A35B-78B3CB6775FA}
	EndGlobalSection
EndGlobal
